
Microsoft Visual Studio Solution File, Format Version 12.00
# Visual Studio 15
Project("{FAE04EC0-301F-11D3-BF4B-00C04F79EFBC}") = "Assembly-CSharp", "Assembly-CSharp.csproj", "{09047885-56BC-9253-42FE-CA54E075B48E}"
EndProject
Project("{FAE04EC0-301F-11D3-BF4B-00C04F79EFBC}") = "Assembly-CSharp-Editor", "Assembly-CSharp-Editor.csproj", "{938C18DE-21E4-CB73-AA3D-B63BFD1BBBA1}"
EndProject
Global
	GlobalSection(SolutionConfigurationPlatforms) = preSolution
		Debug|Any CPU = Debug|Any CPU
		Release|Any CPU = Release|Any CPU
	EndGlobalSection
	GlobalSection(ProjectConfigurationPlatforms) = postSolution
		{09047885-56BC-9253-42FE-CA54E075B48E}.Debug|Any CPU.ActiveCfg = Debug|Any CPU
		{09047885-56BC-9253-42FE-CA54E075B48E}.Debug|Any CPU.Build.0 = Debug|Any CPU
		{09047885-56BC-9253-42FE-CA54E075B48E}.Release|Any CPU.ActiveCfg = Release|Any CPU
		{09047885-56BC-9253-42FE-CA54E075B48E}.Release|Any CPU.Build.0 = Release|Any CPU
		{938C18DE-21E4-CB73-AA3D-B63BFD1BBBA1}.Debug|Any CPU.ActiveCfg = Debug|Any CPU
		{938C18DE-21E4-CB73-AA3D-B63BFD1BBBA1}.Debug|Any CPU.Build.0 = Debug|Any CPU
		{938C18DE-21E4-CB73-AA3D-B63BFD1BBBA1}.Release|Any CPU.ActiveCfg = Release|Any CPU
		{938C18DE-21E4-CB73-AA3D-B63BFD1BBBA1}.Release|Any CPU.Build.0 = Release|Any CPU
	EndGlobalSection
	GlobalSection(SolutionProperties) = preSolution
		HideSolutionNode = FALSE
	EndGlobalSection
EndGlobal
